PODS:
  - Alamofire (5.7.1)
  - BTNavigationDropdownMenu (0.7)
  - ContextMenu (0.4.0)
  - CryptoSwift (1.5.1)
  - Down (0.11.0)
  - DropDown (2.3.13)
  - FilesProvider (0.26.0)
  - FLAnimatedImage (1.0.17)
  - FLEX (5.22.10)
  - FMDB (2.7.5):
    - FMDB/standard (= 2.7.5)
  - FMDB/standard (2.7.5)
  - GCDWebServer (3.5.4):
    - GCDWebServer/Core (= 3.5.4)
  - GCDWebServer/Core (3.5.4)
  - Highlightr (2.1.0)
  - IQKeyboardManager (6.5.11)
  - Kanna (5.2.7)
  - Kingfisher (6.3.1)
  - MBProgressHUD (1.2.0)
  - MJRefresh (3.7.5)
  - MonkeyKing (2.2.1)
  - MPITextKit (0.2.1)
  - NewPopMenu (2.1.2)
  - ObjectMapper (4.2.0)
  - PINCache (3.0.3):
    - PINCache/Arc-exception-safe (= 3.0.3)
    - PINCache/Core (= 3.0.3)
  - PINCache/Arc-exception-safe (3.0.3):
    - PINCache/Core
  - PINCache/Core (3.0.3):
    - PINOperation (~> 1.2.1)
  - PINOperation (1.2.2)
  - PPiOSKit/CommomViews (0.0.1)
  - PPiOSKit/CrashCatcher (0.0.1):
    - PPiOSKit/RuntimeTool
  - PPiOSKit/PPAlertAction (0.0.1)
  - PPiOSKit/RuntimeTool (0.0.1)
  - PPiOSKit/SwipePopGesture (0.0.1)
  - SKPhotoBrowser (7.1.0)
  - SnapKit (5.6.0)
  - TZImagePickerController (3.8.3):
    - TZImagePickerController/Basic (= 3.8.3)
    - TZImagePickerController/Location (= 3.8.3)
  - TZImagePickerController/Basic (3.8.3)
  - TZImagePickerController/Location (3.8.3)

DEPENDENCIES:
  - Alamofire (~> 5.0)
  - BTNavigationDropdownMenu
  - ContextMenu
  - CryptoSwift
  - Down
  - DropDown
  - FilesProvider
  - FLAnimatedImage
  - FLEX
  - FMDB
  - GCDWebServer
  - Highlightr
  - IQKeyboardManager
  - Kanna (~> 5.2.2)
  - Kingfisher (~> 6.3.1)
  - MBProgressHUD
  - MJRefresh
  - MonkeyKing
  - MPITextKit
  - NewPopMenu
  - ObjectMapper
  - PINCache
  - PINOperation (~> 1.2.1)
  - PPiOSKit/CommomViews (from `https://github.com/Panway/CodeSnipetCollection.git`)
  - PPiOSKit/CrashCatcher (from `https://github.com/Panway/CodeSnipetCollection.git`)
  - PPiOSKit/PPAlertAction (from `https://github.com/Panway/CodeSnipetCollection.git`)
  - PPiOSKit/SwipePopGesture (from `https://github.com/Panway/CodeSnipetCollection.git`)
  - SKPhotoBrowser
  - SnapKit
  - TZImagePickerController

SPEC REPOS:
  trunk:
    - Alamofire
    - BTNavigationDropdownMenu
    - ContextMenu
    - CryptoSwift
    - Down
    - DropDown
    - FilesProvider
    - FLAnimatedImage
    - FLEX
    - FMDB
    - GCDWebServer
    - Highlightr
    - IQKeyboardManager
    - Kanna
    - Kingfisher
    - MBProgressHUD
    - MJRefresh
    - MonkeyKing
    - MPITextKit
    - NewPopMenu
    - ObjectMapper
    - PINCache
    - PINOperation
    - SKPhotoBrowser
    - SnapKit
    - TZImagePickerController

EXTERNAL SOURCES:
  PPiOSKit:
    :git: https://github.com/Panway/CodeSnipetCollection.git

CHECKOUT OPTIONS:
  PPiOSKit:
    :commit: 9ec2070fd9b29219661e5e5f3934f4775a58a17e
    :git: https://github.com/Panway/CodeSnipetCollection.git

SPEC CHECKSUMS:
  Alamofire: 0123a34370cb170936ae79a8df46cc62b2edeb88
  BTNavigationDropdownMenu: 57a72c74dc211db3564f5be168f4f7643491a7de
  ContextMenu: f835e09a93f1c28c631b76ee94396d9570397fd1
  CryptoSwift: c4f2debceb38bf44c80659afe009f71e23e4a082
  Down: b6ba1bc985c9d2f4e15e3b293d2207766fa12612
  DropDown: 8a2116376c1981888557f72ec2ffc9a5e0e456ec
  FilesProvider: 2a8ae17d8b9c23a6feadb1308ee638fa31d21065
  FLAnimatedImage: bbf914596368867157cc71b38a8ec834b3eeb32b
  FLEX: f21ee4f498eed3f8a1eded66b21939fd3b7a22ce
  FMDB: 2ce00b547f966261cd18927a3ddb07cb6f3db82a
  GCDWebServer: 2c156a56c8226e2d5c0c3f208a3621ccffbe3ce4
  Highlightr: 595f3e100737c8de41113385da8bd0b5b65212c6
  IQKeyboardManager: ef43ce1ba1e5aaf4adf222c0a46f39761f246879
  Kanna: 01cfbddc127f5ff0963692f285fcbc8a9d62d234
  Kingfisher: 016c8b653a35add51dd34a3aba36b580041acc74
  MBProgressHUD: 3ee5efcc380f6a79a7cc9b363dd669c5e1ae7406
  MJRefresh: fdf5e979eb406a0341468932d1dfc8b7f9fce961
  MonkeyKing: 196838a3b4c97e95915f3e7046fb2d6044f06101
  MPITextKit: c35d4de736a88802122f957791504c16ed743e9d
  NewPopMenu: c6129e08e8192f6257ceb5f9a4357e1b59c6e2e7
  ObjectMapper: 1eb41f610210777375fa806bf161dc39fb832b81
  PINCache: 7a8fc1a691173d21dbddbf86cd515de6efa55086
  PINOperation: daa34d4aa1d8449089be7d405b9d974abc4724c6
  PPiOSKit: 9f049cf7ff47cefda7f747a404254ee1a5ae7f85
  SKPhotoBrowser: cd95b95a6f352fc2a50992721299f75ead77f9ab
  SnapKit: e01d52ebb8ddbc333eefe2132acf85c8227d9c25
  TZImagePickerController: e9909edbadf7381140efc5b5c9f5bdbfd630f7d4

PODFILE CHECKSUM: bddae02c6c7b416bf26f4e658d427c7e74751711

COCOAPODS: 1.12.1
